// !$*UTF8*$!
{
	archiveVersion = 1;
	classes = {
	};
	objectVersion = 46;
	objects = {

/* Begin PBXBuildFile section */
		3FC611AA1E48E536009B8C8E /* AppDelegate.swift in Sources */ = {isa = PBXBuildFile; fileRef = 3FC611A91E48E536009B8C8E /* AppDelegate.swift */; };
		3FC611AC1E48E536009B8C8E /* MasterViewController.swift in Sources */ = {isa = PBXBuildFile; fileRef = 3FC611AB1E48E536009B8C8E /* MasterViewController.swift */; };
		3FC611AE1E48E536009B8C8E /* DetailViewController.swift in Sources */ = {isa = PBXBuildFile; fileRef = 3FC611AD1E48E536009B8C8E /* DetailViewController.swift */; };
		3FC611B11E48E536009B8C8E /* Main.storyboard in Resources */ = {isa = PBXBuildFile; fileRef = 3FC611AF1E48E536009B8C8E /* Main.storyboard */; };
		3FC611B31E48E536009B8C8E /* Assets.xcassets in Resources */ = {isa = PBXBuildFile; fileRef = 3FC611B21E48E536009B8C8E /* Assets.xcassets */; };
		3FC611B61E48E536009B8C8E /* LaunchScreen.storyboard in Resources */ = {isa = PBXBuildFile; fileRef = 3FC611B41E48E536009B8C8E /* LaunchScreen.storyboard */; };
		3FC611BE1E48E59C009B8C8E /* CollegeProfileBuilder1.pdf in Resources */ = {isa = PBXBuildFile; fileRef = 3FC611BD1E48E59C009B8C8E /* CollegeProfileBuilder1.pdf */; };
		3FC611C01E48E6B5009B8C8E /* College.swift in Sources */ = {isa = PBXBuildFile; fileRef = 3FC611BF1E48E6B5009B8C8E /* College.swift */; };
		3FCE4D3F1E4CDCC10067A91B /* Realm.framework in Frameworks */ = {isa = PBXBuildFile; fileRef = 3FCE4D3E1E4CDCC10067A91B /* Realm.framework */; };
		3FCE4D401E4CDCC10067A91B /* Realm.framework in Embed Frameworks */ = {isa = PBXBuildFile; fileRef = 3FCE4D3E1E4CDCC10067A91B /* Realm.framework */; settings = {ATTRIBUTES = (CodeSignOnCopy, RemoveHeadersOnCopy, ); }; };
		3FCE4D431E4CDCC90067A91B /* RealmSwift.framework in Frameworks */ = {isa = PBXBuildFile; fileRef = 3FCE4D421E4CDCC90067A91B /* RealmSwift.framework */; };
		3FCE4D441E4CDCC90067A91B /* RealmSwift.framework in Embed Frameworks */ = {isa = PBXBuildFile; fileRef = 3FCE4D421E4CDCC90067A91B /* RealmSwift.framework */; settings = {ATTRIBUTES = (CodeSignOnCopy, RemoveHeadersOnCopy, ); }; };
/* End PBXBuildFile section */

/* Begin PBXCopyFilesBuildPhase section */
		3FCE4D411E4CDCC10067A91B /* Embed Frameworks */ = {
			isa = PBXCopyFilesBuildPhase;
			buildActionMask = 2147483647;
			dstPath = "";
			dstSubfolderSpec = 10;
			files = (
				3FCE4D441E4CDCC90067A91B /* RealmSwift.framework in Embed Frameworks */,
				3FCE4D401E4CDCC10067A91B /* Realm.framework in Embed Frameworks */,
			);
			name = "Embed Frameworks";
			runOnlyForDeploymentPostprocessing = 0;
		};
/* End PBXCopyFilesBuildPhase section */

/* Begin PBXFileReference section */
		3FC611A61E48E536009B8C8E /* College Profile Builder.app */ = {isa = PBXFileReference; explicitFileType = wrapper.application; includeInIndex = 0; path = "College Profile Builder.app"; sourceTree = BUILT_PRODUCTS_DIR; };
		3FC611A91E48E536009B8C8E /* AppDelegate.swift */ = {isa = PBXFileReference; lastKnownFileType = sourcecode.swift; path = AppDelegate.swift; sourceTree = "<group>"; };
		3FC611AB1E48E536009B8C8E /* MasterViewController.swift */ = {isa = PBXFileReference; lastKnownFileType = sourcecode.swift; path = MasterViewController.swift; sourceTree = "<group>"; };
		3FC611AD1E48E536009B8C8E /* DetailViewController.swift */ = {isa = PBXFileReference; lastKnownFileType = sourcecode.swift; path = DetailViewController.swift; sourceTree = "<group>"; };
		3FC611B01E48E536009B8C8E /* Base */ = {isa = PBXFileReference; lastKnownFileType = file.storyboard; name = Base; path = Base.lproj/Main.storyboard; sourceTree = "<group>"; };
		3FC611B21E48E536009B8C8E /* Assets.xcassets */ = {isa = PBXFileReference; lastKnownFileType = folder.assetcatalog; path = Assets.xcassets; sourceTree = "<group>"; };
		3FC611B51E48E536009B8C8E /* Base */ = {isa = PBXFileReference; lastKnownFileType = file.storyboard; name = Base; path = Base.lproj/LaunchScreen.storyboard; sourceTree = "<group>"; };
		3FC611B71E48E536009B8C8E /* Info.plist */ = {isa = PBXFileReference; lastKnownFileType = text.plist.xml; path = Info.plist; sourceTree = "<group>"; };
		3FC611BD1E48E59C009B8C8E /* CollegeProfileBuilder1.pdf */ = {isa = PBXFileReference; lastKnownFileType = image.pdf; name = CollegeProfileBuilder1.pdf; path = ../../CollegeProfileBuilder1.pdf; sourceTree = "<group>"; };
		3FC611BF1E48E6B5009B8C8E /* College.swift */ = {isa = PBXFileReference; fileEncoding = 4; lastKnownFileType = sourcecode.swift; path = College.swift; sourceTree = "<group>"; };
		3FCE4D3E1E4CDCC10067A91B /* Realm.framework */ = {isa = PBXFileReference; lastKnownFileType = wrapper.framework; path = Realm.framework; sourceTree = "<group>"; };
		3FCE4D421E4CDCC90067A91B /* RealmSwift.framework */ = {isa = PBXFileReference; lastKnownFileType = wrapper.framework; path = RealmSwift.framework; sourceTree = "<group>"; };
/* End PBXFileReference section */

/* Begin PBXFrameworksBuildPhase section */
		3FC611A31E48E536009B8C8E /* Frameworks */ = {
			isa = PBXFrameworksBuildPhase;
			buildActionMask = 2147483647;
			files = (
				3FCE4D431E4CDCC90067A91B /* RealmSwift.framework in Frameworks */,
				3FCE4D3F1E4CDCC10067A91B /* Realm.framework in Frameworks */,
			);
			runOnlyForDeploymentPostprocessing = 0;
		};
/* End PBXFrameworksBuildPhase section */

/* Begin PBXGroup section */
		3FC6119D1E48E536009B8C8E = {
			isa = PBXGroup;
			children = (
				3FCE4D421E4CDCC90067A91B /* RealmSwift.framework */,
				3FCE4D3E1E4CDCC10067A91B /* Realm.framework */,
				3FC611A81E48E536009B8C8E /* College Profile Builder */,
				3FC611A71E48E536009B8C8E /* Products */,
				3FC611BD1E48E59C009B8C8E /* CollegeProfileBuilder1.pdf */,
			);
			sourceTree = "<group>";
		};
		3FC611A71E48E536009B8C8E /* Products */ = {
			isa = PBXGroup;
			children = (
				3FC611A61E48E536009B8C8E /* College Profile Builder.app */,
			);
			name = Products;
			sourceTree = "<group>";
		};
		3FC611A81E48E536009B8C8E /* College Profile Builder */ = {
			isa = PBXGroup;
			children = (
				3FC611A91E48E536009B8C8E /* AppDelegate.swift */,
				3FC611AB1E48E536009B8C8E /* MasterViewController.swift */,
				3FC611BF1E48E6B5009B8C8E /* College.swift */,
				3FC611AD1E48E536009B8C8E /* DetailViewController.swift */,
				3FC611AF1E48E536009B8C8E /* Main.storyboard */,
				3FC611B21E48E536009B8C8E /* Assets.xcassets */,
				3FC611B41E48E536009B8C8E /* LaunchScreen.storyboard */,
				3FC611B71E48E536009B8C8E /* Info.plist */,
			);
			path = "College Profile Builder";
			sourceTree = "<group>";
		};
/* End PBXGroup section */

/* Begin PBXNativeTarget section */
		3FC611A51E48E536009B8C8E /* College Profile Builder */ = {
			isa = PBXNativeTarget;
			buildConfigurationList = 3FC611BA1E48E536009B8C8E /* Build configuration list for PBXNativeTarget "College Profile Builder" */;
			buildPhases = (
				3FC611A21E48E536009B8C8E /* Sources */,
				3FC611A31E48E536009B8C8E /* Frameworks */,
				3FC611A41E48E536009B8C8E /* Resources */,
				3FCE4D411E4CDCC10067A91B /* Embed Frameworks */,
			);
			buildRules = (
			);
			dependencies = (
			);
			name = "College Profile Builder";
			productName = "College Profile Builder";
			productReference = 3FC611A61E48E536009B8C8E /* College Profile Builder.app */;
			productType = "com.apple.product-type.application";
		};
/* End PBXNativeTarget section */

/* Begin PBXProject section */
		3FC6119E1E48E536009B8C8E /* Project object */ = {
			isa = PBXProject;
			attributes = {
				LastSwiftUpdateCheck = 0820;
				LastUpgradeCheck = 0820;
				ORGANIZATIONNAME = "Conti Inc.";
				TargetAttributes = {
					3FC611A51E48E536009B8C8E = {
						CreatedOnToolsVersion = 8.2.1;
						DevelopmentTeam = 8NKHZ77YG5;
						ProvisioningStyle = Automatic;
					};
				};
			};
			buildConfigurationList = 3FC611A11E48E536009B8C8E /* Build configuration list for PBXProject "College Profile Builder" */;
			compatibilityVersion = "Xcode 3.2";
			developmentRegion = English;
			hasScannedForEncodings = 0;
			knownRegions = (
				en,
				Base,
			);
			mainGroup = 3FC6119D1E48E536009B8C8E;
			productRefGroup = 3FC611A71E48E536009B8C8E /* Products */;
			projectDirPath = "";
			projectRoot = "";
			targets = (
				3FC611A51E48E536009B8C8E /* College Profile Builder */,
			);
		};
/* End PBXProject section */

/* Begin PBXResourcesBuildPhase section */
		3FC611A41E48E536009B8C8E /* Resources */ = {
			isa = PBXResourcesBuildPhase;
			buildActionMask = 2147483647;
			files = (
				3FC611B61E48E536009B8C8E /* LaunchScreen.storyboard in Resources */,
				3FC611B31E48E536009B8C8E /* Assets.xcassets in Resources */,
				3FC611BE1E48E59C009B8C8E /* CollegeProfileBuilder1.pdf in Resources */,
				3FC611B11E48E536009B8C8E /* Main.storyboard in Resources */,
			);
			runOnlyForDeploymentPostprocessing = 0;
		};
/* End PBXResourcesBuildPhase section */

/* Begin PBXSourcesBuildPhase section */
		3FC611A21E48E536009B8C8E /* Sources */ = {
			isa = PBXSourcesBuildPhase;
			buildActionMask = 2147483647;
			files = (
				3FC611AE1E48E536009B8C8E /* DetailViewController.swift in Sources */,
				3FC611AC1E48E536009B8C8E /* MasterViewController.swift in Sources */,
				3FC611AA1E48E536009B8C8E /* AppDelegate.swift in Sources */,
				3FC611C01E48E6B5009B8C8E /* College.swift in Sources */,
			);
			runOnlyForDeploymentPostprocessing = 0;
		};
/* End PBXSourcesBuildPhase section */

/* Begin PBXVariantGroup section */
		3FC611AF1E48E536009B8C8E /* Main.storyboard */ = {
			isa = PBXVariantGroup;
			children = (
				3FC611B01E48E536009B8C8E /* Base */,
			);
			name = Main.storyboard;
			sourceTree = "<group>";
		};
		3FC611B41E48E536009B8C8E /* LaunchScreen.storyboard */ = {
			isa = PBXVariantGroup;
			children = (
				3FC611B51E48E536009B8C8E /* Base */,
			);
			name = LaunchScreen.storyboard;
			sourceTree = "<group>";
		};
/* End PBXVariantGroup section */

/* Begin XCBuildConfiguration section */
		3FC611B81E48E536009B8C8E /* Debug */ = {
			isa = XCBuildConfiguration;
			buildSettings = {
				ALWAYS_SEARCH_USER_PATHS = NO;
				CLANG_ANALYZER_NONNULL = YES;
				CLANG_CXX_LANGUAGE_STANDARD = "gnu++0x";
				CLANG_CXX_LIBRARY = "libc++";
				CLANG_ENABLE_MODULES = YES;
				CLANG_ENABLE_OBJC_ARC = YES;
				CLANG_WARN_BOOL_CONVERSION = YES;
				CLANG_WARN_CONSTANT_CONVERSION = YES;
				CLANG_WARN_DIRECT_OBJC_ISA_USAGE = YES_ERROR;
				CLANG_WARN_DOCUMENTATION_COMMENTS = YES;
				CLANG_WARN_EMPTY_BODY = YES;
				CLANG_WARN_ENUM_CONVERSION = YES;
				CLANG_WARN_INFINITE_RECURSION = YES;
				CLANG_WARN_INT_CONVERSION = YES;
				CLANG_WARN_OBJC_ROOT_CLASS = YES_ERROR;
				CLANG_WARN_SUSPICIOUS_MOVE = YES;
				CLANG_WARN_UNREACHABLE_CODE = YES;
				CLANG_WARN__DUPLICATE_METHOD_MATCH = YES;
				"CODE_SIGN_IDENTITY[sdk=iphoneos*]" = "iPhone Developer";
				COPY_PHASE_STRIP = NO;
				DEBUG_INFORMATION_FORMAT = dwarf;
				ENABLE_STRICT_OBJC_MSGSEND = YES;
				ENABLE_TESTABILITY = YES;
				GCC_C_LANGUAGE_STANDARD = gnu99;
				GCC_DYNAMIC_NO_PIC = NO;
				GCC_NO_COMMON_BLOCKS = YES;
				GCC_OPTIMIZATION_LEVEL = 0;
				GCC_PREPROCESSOR_DEFINITIONS = (
					"DEBUG=1",
					"$(inherited)",
				);
				GCC_WARN_64_TO_32_BIT_CONVERSION = YES;
				GCC_WARN_ABOUT_RETURN_TYPE = YES_ERROR;
				GCC_WARN_UNDECLARED_SELECTOR = YES;
				GCC_WARN_UNINITIALIZED_AUTOS = YES_AGGRESSIVE;
				GCC_WARN_UNUSED_FUNCTION = YES;
				GCC_WARN_UNUSED_VARIABLE = YES;
				IPHONEOS_DEPLOYMENT_TARGET = 10.2;
				MTL_ENABLE_DEBUG_INFO = YES;
				ONLY_ACTIVE_ARCH = YES;
				SDKROOT = iphoneos;
				SWIFT_ACTIVE_COMPILATION_CONDITIONS = DEBUG;
				SWIFT_OPTIMIZATION_LEVEL = "-Onone";
				TARGETED_DEVICE_FAMILY = "1,2";
			};
			name = Debug;
		};
		3FC611B91E48E536009B8C8E /* Release */ = {
			isa = XCBuildConfiguration;
			buildSettings = {
				ALWAYS_SEARCH_USER_PATHS = NO;
				CLANG_ANALYZER_NONNULL = YES;
				CLANG_CXX_LANGUAGE_STANDARD = "gnu++0x";
				CLANG_CXX_LIBRARY = "libc++";
				CLANG_ENABLE_MODULES = YES;
				CLANG_ENABLE_OBJC_ARC = YES;
				CLANG_WARN_BOOL_CONVERSION = YES;
				CLANG_WARN_CONSTANT_CONVERSION = YES;
				CLANG_WARN_DIRECT_OBJC_ISA_USAGE = YES_ERROR;
				CLANG_WARN_DOCUMENTATION_COMMENTS = YES;
				CLANG_WARN_EMPTY_BODY = YES;
				CLANG_WARN_ENUM_CONVERSION = YES;
				CLANG_WARN_INFINITE_RECURSION = YES;
				CLANG_WARN_INT_CONVERSION = YES;
				CLANG_WARN_OBJC_ROOT_CLASS = YES_ERROR;
				CLANG_WARN_SUSPICIOUS_MOVE = YES;
				CLANG_WARN_UNREACHABLE_CODE = YES;
				CLANG_WARN__DUPLICATE_METHOD_MATCH = YES;
				"CODE_SIGN_IDENTITY[sdk=iphoneos*]" = "iPhone Developer";
				COPY_PHASE_STRIP = NO;
				DEBUG_INFORMATION_FORMAT = "dwarf-with-dsym";
				ENABLE_NS_ASSERTIONS = NO;
				ENABLE_STRICT_OBJC_MSGSEND = YES;
				GCC_C_LANGUAGE_STANDARD = gnu99;
				GCC_NO_COMMON_BLOCKS = YES;
				GCC_WARN_64_TO_32_BIT_CONVERSION = YES;
				GCC_WARN_ABOUT_RETURN_TYPE = YES_ERROR;
				GCC_WARN_UNDECLARED_SELECTOR = YES;
				GCC_WARN_UNINITIALIZED_AUTOS = YES_AGGRESSIVE;
				GCC_WARN_UNUSED_FUNCTION = YES;
				GCC_WARN_UNUSED_VARIABLE = YES;
				IPHONEOS_DEPLOYMENT_TARGET = 10.2;
				MTL_ENABLE_DEBUG_INFO = NO;
				SDKROOT = iphoneos;
				SWIFT_OPTIMIZATION_LEVEL = "-Owholemodule";
				TARGETED_DEVICE_FAMILY = "1,2";
				VALIDATE_PRODUCT = YES;
			};
			name = Release;
		};
		3FC611BB1E48E536009B8C8E /* Debug */ = {
			isa = XCBuildConfiguration;
			buildSettings = {
				ASSETCATALOG_COMPILER_APPICON_NAME = AppIcon;
				DEVELOPMENT_TEAM = 8NKHZ77YG5;
				FRAMEWORK_SEARCH_PATHS = (
					"$(inherited)",
					"$(PROJECT_DIR)",
				);
				INFOPLIST_FILE = "College Profile Builder/Info.plist";
				LD_RUNPATH_SEARCH_PATHS = "$(inherited) @executable_path/Frameworks";
				PRODUCT_BUNDLE_IDENTIFIER = "TC.College-Profile-Builder";
				PRODUCT_NAME = "$(TARGET_NAME)";
				SWIFT_VERSION = 3.0;
			};
			name = Debug;
		};
		3FC611BC1E48E536009B8C8E /* Release */ = {
			isa = XCBuildConfiguration;
			buildSettings = {
				ASSETCATALOG_COMPILER_APPICON_NAME = AppIcon;
				DEVELOPMENT_TEAM = 8NKHZ77YG5;
				FRAMEWORK_SEARCH_PATHS = (
					"$(inherited)",
					"$(PROJECT_DIR)",
				);
				INFOPLIST_FILE = "College Profile Builder/Info.plist";
				LD_RUNPATH_SEARCH_PATHS = "$(inherited) @executable_path/Frameworks";
				PRODUCT_BUNDLE_IDENTIFIER = "TC.College-Profile-Builder";
				PRODUCT_NAME = "$(TARGET_NAME)";
				SWIFT_VERSION = 3.0;
			};
			name = Release;
		};
/* End XCBuildConfiguration section */

/* Begin XCConfigurationList section */
		3FC611A11E48E536009B8C8E /* Build configuration list for PBXProject "College Profile Builder" */ = {
			isa = XCConfigurationList;
			buildConfigurations = (
				3FC611B81E48E536009B8C8E /* Debug */,
				3FC611B91E48E536009B8C8E /* Release */,
			);
			defaultConfigurationIsVisible = 0;
			defaultConfigurationName = Release;
		};
		3FC611BA1E48E536009B8C8E /* Build configuration list for PBXNativeTarget "College Profile Builder" */ = {
			isa = XCConfigurationList;
			buildConfigurations = (
				3FC611BB1E48E536009B8C8E /* Debug */,
				3FC611BC1E48E536009B8C8E /* Release */,
			);
			defaultConfigurationIsVisible = 0;
			defaultConfigurationName = Release;
		};
/* End XCConfigurationList section */
	};
	rootObject = 3FC6119E1E48E536009B8C8E /* Project object */;
}
